
Microsoft Visual Studio Solution File, Format Version 12.00
# Visual Studio Version 17
VisualStudioVersion = 17.6.33723.286
MinimumVisualStudioVersion = 10.0.40219.1
Project("{FAE04EC0-301F-11D3-BF4B-00C04F79EFBC}") = "Activity1_ALBANO", "Activity1_ALBANO\Activity1_ALBANO.csproj", "{C3AE2332-41EA-4C55-BA14-255E51631F50}"
EndProject
Global
	GlobalSection(SolutionConfigurationPlatforms) = preSolution
		Debug|Any CPU = Debug|Any CPU
		Release|Any CPU = Release|Any CPU
	EndGlobalSection
	GlobalSection(ProjectConfigurationPlatforms) = postSolution
		{C3AE2332-41EA-4C55-BA14-255E51631F50}.Debug|Any CPU.ActiveCfg = Debug|Any CPU
		{C3AE2332-41EA-4C55-BA14-255E51631F50}.Debug|Any CPU.Build.0 = Debug|Any CPU
		{C3AE2332-41EA-4C55-BA14-255E51631F50}.Release|Any CPU.ActiveCfg = Release|Any CPU
		{C3AE2332-41EA-4C55-BA14-255E51631F50}.Release|Any CPU.Build.0 = Release|Any CPU
	EndGlobalSection
	GlobalSection(SolutionProperties) = preSolution
		HideSolutionNode = FALSE
	EndGlobalSection
	GlobalSection(ExtensibilityGlobals) = postSolution
		SolutionGuid = {0C5CAF4F-6BA2-4B35-B2F9-C0C7A59852FD}
	EndGlobalSection
EndGlobal
